// !$*UTF8*$!
{
	archiveVersion = 1;
	classes = {
	};
	objectVersion = 50;
	objects = {

/* Begin PBXBuildFile section */
		93097FD223D1EF250088A4CE /* whitrabt.ttf in Resources */ = {isa = PBXBuildFile; fileRef = 93097FD023D09D6F0088A4CE /* whitrabt.ttf */; };
		AA0E644922355B5300F81A8B /* AppDelegate.swift in Sources */ = {isa = PBXBuildFile; fileRef = AA0E644822355B5300F81A8B /* AppDelegate.swift */; };
		AA0E644B22355B5300F81A8B /* GameViewController.swift in Sources */ = {isa = PBXBuildFile; fileRef = AA0E644A22355B5300F81A8B /* GameViewController.swift */; };
		AA0E644E22355B5300F81A8B /* Main.storyboard in Resources */ = {isa = PBXBuildFile; fileRef = AA0E644C22355B5300F81A8B /* Main.storyboard */; };
		AA0E645022355B5500F81A8B /* Assets.xcassets in Resources */ = {isa = PBXBuildFile; fileRef = AA0E644F22355B5500F81A8B /* Assets.xcassets */; };
		AA4D4B87224144C90048F1FD /* AboutUsViewController.swift in Sources */ = {isa = PBXBuildFile; fileRef = AA4D4B86224144C90048F1FD /* AboutUsViewController.swift */; };
		AA4D4B8B2242F6AB0048F1FD /* AimForThat.html in Resources */ = {isa = PBXBuildFile; fileRef = AA4D4B8A2242F6AB0048F1FD /* AimForThat.html */; };
/* End PBXBuildFile section */

/* Begin PBXFileReference section */
		93097FD023D09D6F0088A4CE /* whitrabt.ttf */ = {isa = PBXFileReference; lastKnownFileType = file; path = whitrabt.ttf; sourceTree = "<group>"; };
		AA0E644522355B5300F81A8B /* AimForThat2k19.app */ = {isa = PBXFileReference; explicitFileType = wrapper.application; includeInIndex = 0; path = AimForThat2k19.app; sourceTree = BUILT_PRODUCTS_DIR; };
		AA0E644822355B5300F81A8B /* AppDelegate.swift */ = {isa = PBXFileReference; lastKnownFileType = sourcecode.swift; path = AppDelegate.swift; sourceTree = "<group>"; };
		AA0E644A22355B5300F81A8B /* GameViewController.swift */ = {isa = PBXFileReference; lastKnownFileType = sourcecode.swift; path = GameViewController.swift; sourceTree = "<group>"; };
		AA0E644D22355B5300F81A8B /* Base */ = {isa = PBXFileReference; lastKnownFileType = file.storyboard; name = Base; path = Base.lproj/Main.storyboard; sourceTree = "<group>"; };
		AA0E644F22355B5500F81A8B /* Assets.xcassets */ = {isa = PBXFileReference; lastKnownFileType = folder.assetcatalog; path = Assets.xcassets; sourceTree = "<group>"; };
		AA0E645422355B5500F81A8B /* Info.plist */ = {isa = PBXFileReference; lastKnownFileType = text.plist.xml; path = Info.plist; sourceTree = "<group>"; };
		AA4D4B86224144C90048F1FD /* AboutUsViewController.swift */ = {isa = PBXFileReference; lastKnownFileType = sourcecode.swift; path = AboutUsViewController.swift; sourceTree = "<group>"; };
		AA4D4B8A2242F6AB0048F1FD /* AimForThat.html */ = {isa = PBXFileReference; fileEncoding = 4; lastKnownFileType = text.html; path = AimForThat.html; sourceTree = "<group>"; };
/* End PBXFileReference section */

/* Begin PBXFrameworksBuildPhase section */
		AA0E644222355B5300F81A8B /* Frameworks */ = {
			isa = PBXFrameworksBuildPhase;
			buildActionMask = 2147483647;
			files = (
			);
			runOnlyForDeploymentPostprocessing = 0;
		};
/* End PBXFrameworksBuildPhase section */

/* Begin PBXGroup section */
		93097FCF23D09D450088A4CE /* Fonts */ = {
			isa = PBXGroup;
			children = (
				93097FD023D09D6F0088A4CE /* whitrabt.ttf */,
			);
			path = Fonts;
			sourceTree = "<group>";
		};
		AA0E643C22355B5300F81A8B = {
			isa = PBXGroup;
			children = (
				AA0E644722355B5300F81A8B /* AimForThat2k19 */,
				AA0E644622355B5300F81A8B /* Products */,
			);
			sourceTree = "<group>";
		};
		AA0E644622355B5300F81A8B /* Products */ = {
			isa = PBXGroup;
			children = (
				AA0E644522355B5300F81A8B /* AimForThat2k19.app */,
			);
			name = Products;
			sourceTree = "<group>";
		};
		AA0E644722355B5300F81A8B /* AimForThat2k19 */ = {
			isa = PBXGroup;
			children = (
				93097FCF23D09D450088A4CE /* Fonts */,
				AA0E644822355B5300F81A8B /* AppDelegate.swift */,
				AA4D4B8A2242F6AB0048F1FD /* AimForThat.html */,
				AA0E644A22355B5300F81A8B /* GameViewController.swift */,
				AA0E644C22355B5300F81A8B /* Main.storyboard */,
				AA0E644F22355B5500F81A8B /* Assets.xcassets */,
				AA0E645422355B5500F81A8B /* Info.plist */,
				AA4D4B86224144C90048F1FD /* AboutUsViewController.swift */,
			);
			path = AimForThat2k19;
			sourceTree = "<group>";
		};
/* End PBXGroup section */

/* Begin PBXNativeTarget section */
		AA0E644422355B5300F81A8B /* AimForThat2k19 */ = {
			isa = PBXNativeTarget;
			buildConfigurationList = AA0E645722355B5500F81A8B /* Build configuration list for PBXNativeTarget "AimForThat2k19" */;
			buildPhases = (
				AA0E644122355B5300F81A8B /* Sources */,
				AA0E644222355B5300F81A8B /* Frameworks */,
				AA0E644322355B5300F81A8B /* Resources */,
			);
			buildRules = (
			);
			dependencies = (
			);
			name = AimForThat2k19;
			productName = AimForThat2k19;
			productReference = AA0E644522355B5300F81A8B /* AimForThat2k19.app */;
			productType = "com.apple.product-type.application";
		};
/* End PBXNativeTarget section */

/* Begin PBXProject section */
		AA0E643D22355B5300F81A8B /* Project object */ = {
			isa = PBXProject;
			attributes = {
				LastSwiftUpdateCheck = 1000;
				LastUpgradeCheck = 1000;
				ORGANIZATIONNAME = "Sebastian Ortiz Velez";
				TargetAttributes = {
					AA0E644422355B5300F81A8B = {
						CreatedOnToolsVersion = 10.0;
					};
				};
			};
			buildConfigurationList = AA0E644022355B5300F81A8B /* Build configuration list for PBXProject "AimForThat2k19" */;
			compatibilityVersion = "Xcode 9.3";
			developmentRegion = en;
			hasScannedForEncodings = 0;
			knownRegions = (
				en,
				Base,
			);
			mainGroup = AA0E643C22355B5300F81A8B;
			productRefGroup = AA0E644622355B5300F81A8B /* Products */;
			projectDirPath = "";
			projectRoot = "";
			targets = (
				AA0E644422355B5300F81A8B /* AimForThat2k19 */,
			);
		};
/* End PBXProject section */

/* Begin PBXResourcesBuildPhase section */
		AA0E644322355B5300F81A8B /* Resources */ = {
			isa = PBXResourcesBuildPhase;
			buildActionMask = 2147483647;
			files = (
				AA4D4B8B2242F6AB0048F1FD /* AimForThat.html in Resources */,
				93097FD223D1EF250088A4CE /* whitrabt.ttf in Resources */,
				AA0E645022355B5500F81A8B /* Assets.xcassets in Resources */,
				AA0E644E22355B5300F81A8B /* Main.storyboard in Resources */,
			);
			runOnlyForDeploymentPostprocessing = 0;
		};
/* End PBXResourcesBuildPhase section */

/* Begin PBXSourcesBuildPhase section */
		AA0E644122355B5300F81A8B /* Sources */ = {
			isa = PBXSourcesBuildPhase;
			buildActionMask = 2147483647;
			files = (
				AA0E644B22355B5300F81A8B /* GameViewController.swift in Sources */,
				AA4D4B87224144C90048F1FD /* AboutUsViewController.swift in Sources */,
				AA0E644922355B5300F81A8B /* AppDelegate.swift in Sources */,
			);
			runOnlyForDeploymentPostprocessing = 0;
		};
/* End PBXSourcesBuildPhase section */

/* Begin PBXVariantGroup section */
		AA0E644C22355B5300F81A8B /* Main.storyboard */ = {
			isa = PBXVariantGroup;
			children = (
				AA0E644D22355B5300F81A8B /* Base */,
			);
			name = Main.storyboard;
			sourceTree = "<group>";
		};
/* End PBXVariantGroup section */

/* Begin XCBuildConfiguration section */
		AA0E645522355B5500F81A8B /* Debug */ = {
			isa = XCBuildConfiguration;
			buildSettings = {
				ALWAYS_SEARCH_USER_PATHS = NO;
				CLANG_ANALYZER_NONNULL = YES;
				CLANG_ANALYZER_NUMBER_OBJECT_CONVERSION = YES_AGGRESSIVE;
				CLANG_CXX_LANGUAGE_STANDARD = "gnu++14";
				CLANG_CXX_LIBRARY = "libc++";
				CLANG_ENABLE_MODULES = YES;
				CLANG_ENABLE_OBJC_ARC = YES;
				CLANG_ENABLE_OBJC_WEAK = YES;
				CLANG_WARN_BLOCK_CAPTURE_AUTORELEASING = YES;
				CLANG_WARN_BOOL_CONVERSION = YES;
				CLANG_WARN_COMMA = YES;
				CLANG_WARN_CONSTANT_CONVERSION = YES;
				CLANG_WARN_DEPRECATED_OBJC_IMPLEMENTATIONS = YES;
				CLANG_WARN_DIRECT_OBJC_ISA_USAGE = YES_ERROR;
				CLANG_WARN_DOCUMENTATION_COMMENTS = YES;
				CLANG_WARN_EMPTY_BODY = YES;
				CLANG_WARN_ENUM_CONVERSION = YES;
				CLANG_WARN_INFINITE_RECURSION = YES;
				CLANG_WARN_INT_CONVERSION = YES;
				CLANG_WARN_NON_LITERAL_NULL_CONVERSION = YES;
				CLANG_WARN_OBJC_IMPLICIT_RETAIN_SELF = YES;
				CLANG_WARN_OBJC_LITERAL_CONVERSION = YES;
				CLANG_WARN_OBJC_ROOT_CLASS = YES_ERROR;
				CLANG_WARN_RANGE_LOOP_ANALYSIS = YES;
				CLANG_WARN_STRICT_PROTOTYPES = YES;
				CLANG_WARN_SUSPICIOUS_MOVE = YES;
				CLANG_WARN_UNGUARDED_AVAILABILITY = YES_AGGRESSIVE;
				CLANG_WARN_UNREACHABLE_CODE = YES;
				CLANG_WARN__DUPLICATE_METHOD_MATCH = YES;
				CODE_SIGN_IDENTITY = "iPhone Developer";
				COPY_PHASE_STRIP = NO;
				DEBUG_INFORMATION_FORMAT = dwarf;
				ENABLE_STRICT_OBJC_MSGSEND = YES;
				ENABLE_TESTABILITY = YES;
				GCC_C_LANGUAGE_STANDARD = gnu11;
				GCC_DYNAMIC_NO_PIC = NO;
				GCC_NO_COMMON_BLOCKS = YES;
				GCC_OPTIMIZATION_LEVEL = 0;
				GCC_PREPROCESSOR_DEFINITIONS = (
					"DEBUG=1",
					"$(inherited)",
				);
				GCC_WARN_64_TO_32_BIT_CONVERSION = YES;
				GCC_WARN_ABOUT_RETURN_TYPE = YES_ERROR;
				GCC_WARN_UNDECLARED_SELECTOR = YES;
				GCC_WARN_UNINITIALIZED_AUTOS = YES_AGGRESSIVE;
				GCC_WARN_UNUSED_FUNCTION = YES;
				GCC_WARN_UNUSED_VARIABLE = YES;
				IPHONEOS_DEPLOYMENT_TARGET = 12.0;
				MTL_ENABLE_DEBUG_INFO = INCLUDE_SOURCE;
				MTL_FAST_MATH = YES;
				ONLY_ACTIVE_ARCH = YES;
				SDKROOT = iphoneos;
				SWIFT_ACTIVE_COMPILATION_CONDITIONS = DEBUG;
				SWIFT_OPTIMIZATION_LEVEL = "-Onone";
			};
			name = Debug;
		};
		AA0E645622355B5500F81A8B /* Release */ = {
			isa = XCBuildConfiguration;
			buildSettings = {
				ALWAYS_SEARCH_USER_PATHS = NO;
				CLANG_ANALYZER_NONNULL = YES;
				CLANG_ANALYZER_NUMBER_OBJECT_CONVERSION = YES_AGGRESSIVE;
				CLANG_CXX_LANGUAGE_STANDARD = "gnu++14";
				CLANG_CXX_LIBRARY = "libc++";
				CLANG_ENABLE_MODULES = YES;
				CLANG_ENABLE_OBJC_ARC = YES;
				CLANG_ENABLE_OBJC_WEAK = YES;
				CLANG_WARN_BLOCK_CAPTURE_AUTORELEASING = YES;
				CLANG_WARN_BOOL_CONVERSION = YES;
				CLANG_WARN_COMMA = YES;
				CLANG_WARN_CONSTANT_CONVERSION = YES;
				CLANG_WARN_DEPRECATED_OBJC_IMPLEMENTATIONS = YES;
				CLANG_WARN_DIRECT_OBJC_ISA_USAGE = YES_ERROR;
				CLANG_WARN_DOCUMENTATION_COMMENTS = YES;
				CLANG_WARN_EMPTY_BODY = YES;
				CLANG_WARN_ENUM_CONVERSION = YES;
				CLANG_WARN_INFINITE_RECURSION = YES;
				CLANG_WARN_INT_CONVERSION = YES;
				CLANG_WARN_NON_LITERAL_NULL_CONVERSION = YES;
				CLANG_WARN_OBJC_IMPLICIT_RETAIN_SELF = YES;
				CLANG_WARN_OBJC_LITERAL_CONVERSION = YES;
				CLANG_WARN_OBJC_ROOT_CLASS = YES_ERROR;
				CLANG_WARN_RANGE_LOOP_ANALYSIS = YES;
				CLANG_WARN_STRICT_PROTOTYPES = YES;
				CLANG_WARN_SUSPICIOUS_MOVE = YES;
				CLANG_WARN_UNGUARDED_AVAILABILITY = YES_AGGRESSIVE;
				CLANG_WARN_UNREACHABLE_CODE = YES;
				CLANG_WARN__DUPLICATE_METHOD_MATCH = YES;
				CODE_SIGN_IDENTITY = "iPhone Developer";
				COPY_PHASE_STRIP = NO;
				DEBUG_INFORMATION_FORMAT = "dwarf-with-dsym";
				ENABLE_NS_ASSERTIONS = NO;
				ENABLE_STRICT_OBJC_MSGSEND = YES;
				GCC_C_LANGUAGE_STANDARD = gnu11;
				GCC_NO_COMMON_BLOCKS = YES;
				GCC_WARN_64_TO_32_BIT_CONVERSION = YES;
				GCC_WARN_ABOUT_RETURN_TYPE = YES_ERROR;
				GCC_WARN_UNDECLARED_SELECTOR = YES;
				GCC_WARN_UNINITIALIZED_AUTOS = YES_AGGRESSIVE;
				GCC_WARN_UNUSED_FUNCTION = YES;
				GCC_WARN_UNUSED_VARIABLE = YES;
				IPHONEOS_DEPLOYMENT_TARGET = 12.0;
				MTL_ENABLE_DEBUG_INFO = NO;
				MTL_FAST_MATH = YES;
				SDKROOT = iphoneos;
				SWIFT_COMPILATION_MODE = wholemodule;
				SWIFT_OPTIMIZATION_LEVEL = "-O";
				VALIDATE_PRODUCT = YES;
			};
			name = Release;
		};
		AA0E645822355B5500F81A8B /* Debug */ = {
			isa = XCBuildConfiguration;
			buildSettings = {
				ASSETCATALOG_COMPILER_APPICON_NAME = AppIcon;
				CODE_SIGN_STYLE = Automatic;
				DEVELOPMENT_TEAM = K68V4NAV57;
				INFOPLIST_FILE = AimForThat2k19/Info.plist;
				LD_RUNPATH_SEARCH_PATHS = (
					"$(inherited)",
					"@executable_path/Frameworks",
				);
				PRODUCT_BUNDLE_IDENTIFIER = com.sebastianOrtiz.AimForThat2k19;
				PRODUCT_NAME = "$(TARGET_NAME)";
				SWIFT_VERSION = 4.2;
				TARGETED_DEVICE_FAMILY = "1,2";
			};
			name = Debug;
		};
		AA0E645922355B5500F81A8B /* Release */ = {
			isa = XCBuildConfiguration;
			buildSettings = {
				ASSETCATALOG_COMPILER_APPICON_NAME = AppIcon;
				CODE_SIGN_STYLE = Automatic;
				DEVELOPMENT_TEAM = K68V4NAV57;
				INFOPLIST_FILE = AimForThat2k19/Info.plist;
				LD_RUNPATH_SEARCH_PATHS = (
					"$(inherited)",
					"@executable_path/Frameworks",
				);
				PRODUCT_BUNDLE_IDENTIFIER = com.sebastianOrtiz.AimForThat2k19;
				PRODUCT_NAME = "$(TARGET_NAME)";
				SWIFT_VERSION = 4.2;
				TARGETED_DEVICE_FAMILY = "1,2";
			};
			name = Release;
		};
/* End XCBuildConfiguration section */

/* Begin XCConfigurationList section */
		AA0E644022355B5300F81A8B /* Build configuration list for PBXProject "AimForThat2k19" */ = {
			isa = XCConfigurationList;
			buildConfigurations = (
				AA0E645522355B5500F81A8B /* Debug */,
				AA0E645622355B5500F81A8B /* Release */,
			);
			defaultConfigurationIsVisible = 0;
			defaultConfigurationName = Release;
		};
		AA0E645722355B5500F81A8B /* Build configuration list for PBXNativeTarget "AimForThat2k19" */ = {
			isa = XCConfigurationList;
			buildConfigurations = (
				AA0E645822355B5500F81A8B /* Debug */,
				AA0E645922355B5500F81A8B /* Release */,
			);
			defaultConfigurationIsVisible = 0;
			defaultConfigurationName = Release;
		};
/* End XCConfigurationList section */
	};
	rootObject = AA0E643D22355B5300F81A8B /* Project object */;
}
